// !$*UTF8*$!
{
	archiveVersion = 1;
	classes = {
	};
	objectVersion = 56;
	objects = {

/* Begin PBXBuildFile section */
		55ABE06F2918BA880084ED28 /* AppDelegate.swift in Sources */ = {isa = PBXBuildFile; fileRef = 55ABE06E2918BA880084ED28 /* AppDelegate.swift */; };
		55ABE0732918BA880084ED28 /* ViewController.swift in Sources */ = {isa = PBXBuildFile; fileRef = 55ABE0722918BA880084ED28 /* ViewController.swift */; };
		55ABE0762918BA880084ED28 /* Main.storyboard in Resources */ = {isa = PBXBuildFile; fileRef = 55ABE0742918BA880084ED28 /* Main.storyboard */; };
		55ABE0782918BA880084ED28 /* Assets.xcassets in Resources */ = {isa = PBXBuildFile; fileRef = 55ABE0772918BA880084ED28 /* Assets.xcassets */; };
		55ABE07B2918BA880084ED28 /* LaunchScreen.storyboard in Resources */ = {isa = PBXBuildFile; fileRef = 55ABE0792918BA880084ED28 /* LaunchScreen.storyboard */; };
		55ABE08F291902A90084ED28 /* PoseEstimator.swift in Sources */ = {isa = PBXBuildFile; fileRef = 55ABE086291902A90084ED28 /* PoseEstimator.swift */; };
		55ABE090291902A90084ED28 /* MoveNet.swift in Sources */ = {isa = PBXBuildFile; fileRef = 55ABE087291902A90084ED28 /* MoveNet.swift */; };
		55ABE091291902A90084ED28 /* PoseNet.swift in Sources */ = {isa = PBXBuildFile; fileRef = 55ABE088291902A90084ED28 /* PoseNet.swift */; };
		55ABE092291902A90084ED28 /* PoseData.swift in Sources */ = {isa = PBXBuildFile; fileRef = 55ABE089291902A90084ED28 /* PoseData.swift */; };
		55ABE093291902A90084ED28 /* PoseConfig.swift in Sources */ = {isa = PBXBuildFile; fileRef = 55ABE08A291902A90084ED28 /* PoseConfig.swift */; };
		55ABE094291902A90084ED28 /* Data+TFLite.swift in Sources */ = {isa = PBXBuildFile; fileRef = 55ABE08C291902A90084ED28 /* Data+TFLite.swift */; };
		55ABE095291902A90084ED28 /* CGSize+TFLite.swift in Sources */ = {isa = PBXBuildFile; fileRef = 55ABE08D291902A90084ED28 /* CGSize+TFLite.swift */; };
		55ABE096291902A90084ED28 /* CVPixelBuffer+TFLite.swift in Sources */ = {isa = PBXBuildFile; fileRef = 55ABE08E291902A90084ED28 /* CVPixelBuffer+TFLite.swift */; };
		55ABE099291902C90084ED28 /* OverlayView.swift in Sources */ = {isa = PBXBuildFile; fileRef = 55ABE098291902C80084ED28 /* OverlayView.swift */; };
		55ABE09C29191DA10084ED28 /* CameraFeedManager.swift in Sources */ = {isa = PBXBuildFile; fileRef = 55ABE09B29191DA10084ED28 /* CameraFeedManager.swift */; };
		55ABE0A4291952230084ED28 /* classifier.tflite in Resources */ = {isa = PBXBuildFile; fileRef = 55ABE0A0291921C90084ED28 /* classifier.tflite */; };
		55ABE0A5291952260084ED28 /* movenet_multipose_fp16.tflite in Resources */ = {isa = PBXBuildFile; fileRef = 55ABE0A1291921C90084ED28 /* movenet_multipose_fp16.tflite */; };
		55ABE0A6291952280084ED28 /* movenet_thunder_int8.tflite in Resources */ = {isa = PBXBuildFile; fileRef = 55ABE09E291921C90084ED28 /* movenet_thunder_int8.tflite */; };
		55ABE0A72919522B0084ED28 /* pose_classifier.tflite in Resources */ = {isa = PBXBuildFile; fileRef = 55ABE09F291921C90084ED28 /* pose_classifier.tflite */; };
		55ABE0A82919522D0084ED28 /* movenet_thunder_fp16.tflite in Resources */ = {isa = PBXBuildFile; fileRef = 55ABE09D291920FD0084ED28 /* movenet_thunder_fp16.tflite */; };
		55ABE0AA291A2E210084ED28 /* pose_labels.txt in Resources */ = {isa = PBXBuildFile; fileRef = 55ABE0A9291A2E210084ED28 /* pose_labels.txt */; };
		55ABE0AC291A34010084ED28 /* PRPoseClassifier.swift in Sources */ = {isa = PBXBuildFile; fileRef = 55ABE0AB291A34010084ED28 /* PRPoseClassifier.swift */; };
		571F72C465F025A475D506CF /* Pods_PoseRemind.framework in Frameworks */ = {isa = PBXBuildFile; fileRef = 62BA08C1B187389422BF69C2 /* Pods_PoseRemind.framework */; };
/* End PBXBuildFile section */

/* Begin PBXFileReference section */
		55ABE06B2918BA880084ED28 /* PoseRemind.app */ = {isa = PBXFileReference; explicitFileType = wrapper.application; includeInIndex = 0; path = PoseRemind.app; sourceTree = BUILT_PRODUCTS_DIR; };
		55ABE06E2918BA880084ED28 /* AppDelegate.swift */ = {isa = PBXFileReference; lastKnownFileType = sourcecode.swift; path = AppDelegate.swift; sourceTree = "<group>"; };
		55ABE0722918BA880084ED28 /* ViewController.swift */ = {isa = PBXFileReference; lastKnownFileType = sourcecode.swift; path = ViewController.swift; sourceTree = "<group>"; };
		55ABE0752918BA880084ED28 /* Base */ = {isa = PBXFileReference; lastKnownFileType = file.storyboard; name = Base; path = Base.lproj/Main.storyboard; sourceTree = "<group>"; };
		55ABE0772918BA880084ED28 /* Assets.xcassets */ = {isa = PBXFileReference; lastKnownFileType = folder.assetcatalog; path = Assets.xcassets; sourceTree = "<group>"; };
		55ABE07A2918BA880084ED28 /* Base */ = {isa = PBXFileReference; lastKnownFileType = file.storyboard; name = Base; path = Base.lproj/LaunchScreen.storyboard; sourceTree = "<group>"; };
		55ABE07C2918BA880084ED28 /* Info.plist */ = {isa = PBXFileReference; lastKnownFileType = text.plist.xml; path = Info.plist; sourceTree = "<group>"; };
		55ABE086291902A90084ED28 /* PoseEstimator.swift */ = {isa = PBXFileReference; fileEncoding = 4; lastKnownFileType = sourcecode.swift; path = PoseEstimator.swift; sourceTree = "<group>"; };
		55ABE087291902A90084ED28 /* MoveNet.swift */ = {isa = PBXFileReference; fileEncoding = 4; lastKnownFileType = sourcecode.swift; path = MoveNet.swift; sourceTree = "<group>"; };
		55ABE088291902A90084ED28 /* PoseNet.swift */ = {isa = PBXFileReference; fileEncoding = 4; lastKnownFileType = sourcecode.swift; path = PoseNet.swift; sourceTree = "<group>"; };
		55ABE089291902A90084ED28 /* PoseData.swift */ = {isa = PBXFileReference; fileEncoding = 4; lastKnownFileType = sourcecode.swift; path = PoseData.swift; sourceTree = "<group>"; };
		55ABE08A291902A90084ED28 /* PoseConfig.swift */ = {isa = PBXFileReference; fileEncoding = 4; lastKnownFileType = sourcecode.swift; path = PoseConfig.swift; sourceTree = "<group>"; };
		55ABE08C291902A90084ED28 /* Data+TFLite.swift */ = {isa = PBXFileReference; fileEncoding = 4; lastKnownFileType = sourcecode.swift; path = "Data+TFLite.swift"; sourceTree = "<group>"; };
		55ABE08D291902A90084ED28 /* CGSize+TFLite.swift */ = {isa = PBXFileReference; fileEncoding = 4; lastKnownFileType = sourcecode.swift; path = "CGSize+TFLite.swift"; sourceTree = "<group>"; };
		55ABE08E291902A90084ED28 /* CVPixelBuffer+TFLite.swift */ = {isa = PBXFileReference; fileEncoding = 4; lastKnownFileType = sourcecode.swift; path = "CVPixelBuffer+TFLite.swift"; sourceTree = "<group>"; };
		55ABE098291902C80084ED28 /* OverlayView.swift */ = {isa = PBXFileReference; fileEncoding = 4; lastKnownFileType = sourcecode.swift; path = OverlayView.swift; sourceTree = "<group>"; };
		55ABE09B29191DA10084ED28 /* CameraFeedManager.swift */ = {isa = PBXFileReference; fileEncoding = 4; lastKnownFileType = sourcecode.swift; path = CameraFeedManager.swift; sourceTree = "<group>"; };
		55ABE09D291920FD0084ED28 /* movenet_thunder_fp16.tflite */ = {isa = PBXFileReference; lastKnownFileType = file; path = movenet_thunder_fp16.tflite; sourceTree = "<group>"; };
		55ABE09E291921C90084ED28 /* movenet_thunder_int8.tflite */ = {isa = PBXFileReference; lastKnownFileType = file; path = movenet_thunder_int8.tflite; sourceTree = "<group>"; };
		55ABE09F291921C90084ED28 /* pose_classifier.tflite */ = {isa = PBXFileReference; lastKnownFileType = file; path = pose_classifier.tflite; sourceTree = "<group>"; };
		55ABE0A0291921C90084ED28 /* classifier.tflite */ = {isa = PBXFileReference; lastKnownFileType = file; path = classifier.tflite; sourceTree = "<group>"; };
		55ABE0A1291921C90084ED28 /* movenet_multipose_fp16.tflite */ = {isa = PBXFileReference; lastKnownFileType = file; path = movenet_multipose_fp16.tflite; sourceTree = "<group>"; };
		55ABE0A9291A2E210084ED28 /* pose_labels.txt */ = {isa = PBXFileReference; fileEncoding = 4; lastKnownFileType = text; path = pose_labels.txt; sourceTree = "<group>"; };
		55ABE0AB291A34010084ED28 /* PRPoseClassifier.swift */ = {isa = PBXFileReference; lastKnownFileType = sourcecode.swift; path = PRPoseClassifier.swift; sourceTree = "<group>"; };
		62BA08C1B187389422BF69C2 /* Pods_PoseRemind.framework */ = {isa = PBXFileReference; explicitFileType = wrapper.framework; includeInIndex = 0; path = Pods_PoseRemind.framework; sourceTree = BUILT_PRODUCTS_DIR; };
		B1690717376A9212FA5E3BD0 /* Pods-PoseRemind.debug.xcconfig */ = {isa = PBXFileReference; includeInIndex = 1; lastKnownFileType = text.xcconfig; name = "Pods-PoseRemind.debug.xcconfig"; path = "Target Support Files/Pods-PoseRemind/Pods-PoseRemind.debug.xcconfig"; sourceTree = "<group>"; };
		C76B51E98EF49FDAF8056B0F /* Pods-PoseRemind.release.xcconfig */ = {isa = PBXFileReference; includeInIndex = 1; lastKnownFileType = text.xcconfig; name = "Pods-PoseRemind.release.xcconfig"; path = "Target Support Files/Pods-PoseRemind/Pods-PoseRemind.release.xcconfig"; sourceTree = "<group>"; };
/* End PBXFileReference section */

/* Begin PBXFrameworksBuildPhase section */
		55ABE0682918BA880084ED28 /* Frameworks */ = {
			isa = PBXFrameworksBuildPhase;
			buildActionMask = 2147483647;
			files = (
				571F72C465F025A475D506CF /* Pods_PoseRemind.framework in Frameworks */,
			);
			runOnlyForDeploymentPostprocessing = 0;
		};
/* End PBXFrameworksBuildPhase section */

/* Begin PBXGroup section */
		55ABE0622918BA880084ED28 = {
			isa = PBXGroup;
			children = (
				55ABE06D2918BA880084ED28 /* PoseRemind */,
				55ABE06C2918BA880084ED28 /* Products */,
				CA62C8B4E7474F7C92801C56 /* Pods */,
				61C7C198D4A320D309F4967E /* Frameworks */,
			);
			sourceTree = "<group>";
		};
		55ABE06C2918BA880084ED28 /* Products */ = {
			isa = PBXGroup;
			children = (
				55ABE06B2918BA880084ED28 /* PoseRemind.app */,
			);
			name = Products;
			sourceTree = "<group>";
		};
		55ABE06D2918BA880084ED28 /* PoseRemind */ = {
			isa = PBXGroup;
			children = (
				55ABE09A29191D8D0084ED28 /* Camera */,
				55ABE097291902C10084ED28 /* Views */,
				55ABE084291902A90084ED28 /* ML */,
				55ABE06E2918BA880084ED28 /* AppDelegate.swift */,
				55ABE0722918BA880084ED28 /* ViewController.swift */,
				55ABE0742918BA880084ED28 /* Main.storyboard */,
				55ABE0772918BA880084ED28 /* Assets.xcassets */,
				55ABE0792918BA880084ED28 /* LaunchScreen.storyboard */,
				55ABE07C2918BA880084ED28 /* Info.plist */,
			);
			path = PoseRemind;
			sourceTree = "<group>";
		};
		55ABE084291902A90084ED28 /* ML */ = {
			isa = PBXGroup;
			children = (
				55ABE085291902A90084ED28 /* Models */,
				55ABE08B291902A90084ED28 /* Extensions */,
			);
			path = ML;
			sourceTree = "<group>";
		};
		55ABE085291902A90084ED28 /* Models */ = {
			isa = PBXGroup;
			children = (
				55ABE0A9291A2E210084ED28 /* pose_labels.txt */,
				55ABE0A0291921C90084ED28 /* classifier.tflite */,
				55ABE0A1291921C90084ED28 /* movenet_multipose_fp16.tflite */,
				55ABE09E291921C90084ED28 /* movenet_thunder_int8.tflite */,
				55ABE09F291921C90084ED28 /* pose_classifier.tflite */,
				55ABE09D291920FD0084ED28 /* movenet_thunder_fp16.tflite */,
				55ABE086291902A90084ED28 /* PoseEstimator.swift */,
				55ABE087291902A90084ED28 /* MoveNet.swift */,
				55ABE088291902A90084ED28 /* PoseNet.swift */,
				55ABE089291902A90084ED28 /* PoseData.swift */,
				55ABE08A291902A90084ED28 /* PoseConfig.swift */,
				55ABE0AB291A34010084ED28 /* PRPoseClassifier.swift */,
			);
			path = Models;
			sourceTree = "<group>";
		};
		55ABE08B291902A90084ED28 /* Extensions */ = {
			isa = PBXGroup;
			children = (
				55ABE08C291902A90084ED28 /* Data+TFLite.swift */,
				55ABE08D291902A90084ED28 /* CGSize+TFLite.swift */,
				55ABE08E291902A90084ED28 /* CVPixelBuffer+TFLite.swift */,
			);
			path = Extensions;
			sourceTree = "<group>";
		};
		55ABE097291902C10084ED28 /* Views */ = {
			isa = PBXGroup;
			children = (
				55ABE098291902C80084ED28 /* OverlayView.swift */,
			);
			path = Views;
			sourceTree = "<group>";
		};
		55ABE09A29191D8D0084ED28 /* Camera */ = {
			isa = PBXGroup;
			children = (
				55ABE09B29191DA10084ED28 /* CameraFeedManager.swift */,
			);
			path = Camera;
			sourceTree = "<group>";
		};
		61C7C198D4A320D309F4967E /* Frameworks */ = {
			isa = PBXGroup;
			children = (
				62BA08C1B187389422BF69C2 /* Pods_PoseRemind.framework */,
			);
			name = Frameworks;
			sourceTree = "<group>";
		};
		CA62C8B4E7474F7C92801C56 /* Pods */ = {
			isa = PBXGroup;
			children = (
				B1690717376A9212FA5E3BD0 /* Pods-PoseRemind.debug.xcconfig */,
				C76B51E98EF49FDAF8056B0F /* Pods-PoseRemind.release.xcconfig */,
			);
			path = Pods;
			sourceTree = "<group>";
		};
/* End PBXGroup section */

/* Begin PBXNativeTarget section */
		55ABE06A2918BA880084ED28 /* PoseRemind */ = {
			isa = PBXNativeTarget;
			buildConfigurationList = 55ABE07F2918BA880084ED28 /* Build configuration list for PBXNativeTarget "PoseRemind" */;
			buildPhases = (
				F96EAC6A7B285627FBA0CE2D /* [CP] Check Pods Manifest.lock */,
				55ABE0672918BA880084ED28 /* Sources */,
				55ABE0682918BA880084ED28 /* Frameworks */,
				55ABE0692918BA880084ED28 /* Resources */,
				F77259EBE21BCCC1D30BFCA6 /* [CP] Embed Pods Frameworks */,
			);
			buildRules = (
			);
			dependencies = (
			);
			name = PoseRemind;
			productName = PoseRemind;
			productReference = 55ABE06B2918BA880084ED28 /* PoseRemind.app */;
			productType = "com.apple.product-type.application";
		};
/* End PBXNativeTarget section */

/* Begin PBXProject section */
		55ABE0632918BA880084ED28 /* Project object */ = {
			isa = PBXProject;
			attributes = {
				BuildIndependentTargetsInParallel = 1;
				CLASSPREFIX = PR;
				LastSwiftUpdateCheck = 1410;
				LastUpgradeCheck = 1410;
				ORGANIZATIONNAME = Jax;
				TargetAttributes = {
					55ABE06A2918BA880084ED28 = {
						CreatedOnToolsVersion = 14.1;
					};
				};
			};
			buildConfigurationList = 55ABE0662918BA880084ED28 /* Build configuration list for PBXProject "PoseRemind" */;
			compatibilityVersion = "Xcode 14.0";
			developmentRegion = en;
			hasScannedForEncodings = 0;
			knownRegions = (
				en,
				Base,
			);
			mainGroup = 55ABE0622918BA880084ED28;
			productRefGroup = 55ABE06C2918BA880084ED28 /* Products */;
			projectDirPath = "";
			projectRoot = "";
			targets = (
				55ABE06A2918BA880084ED28 /* PoseRemind */,
			);
		};
/* End PBXProject section */

/* Begin PBXResourcesBuildPhase section */
		55ABE0692918BA880084ED28 /* Resources */ = {
			isa = PBXResourcesBuildPhase;
			buildActionMask = 2147483647;
			files = (
				55ABE0A4291952230084ED28 /* classifier.tflite in Resources */,
				55ABE07B2918BA880084ED28 /* LaunchScreen.storyboard in Resources */,
				55ABE0A6291952280084ED28 /* movenet_thunder_int8.tflite in Resources */,
				55ABE0782918BA880084ED28 /* Assets.xcassets in Resources */,
				55ABE0A82919522D0084ED28 /* movenet_thunder_fp16.tflite in Resources */,
				55ABE0762918BA880084ED28 /* Main.storyboard in Resources */,
				55ABE0A5291952260084ED28 /* movenet_multipose_fp16.tflite in Resources */,
				55ABE0AA291A2E210084ED28 /* pose_labels.txt in Resources */,
				55ABE0A72919522B0084ED28 /* pose_classifier.tflite in Resources */,
			);
			runOnlyForDeploymentPostprocessing = 0;
		};
/* End PBXResourcesBuildPhase section */

/* Begin PBXShellScriptBuildPhase section */
		F77259EBE21BCCC1D30BFCA6 /* [CP] Embed Pods Frameworks */ = {
			isa = PBXShellScriptBuildPhase;
			buildActionMask = 2147483647;
			files = (
			);
			inputFileListPaths = (
				"${PODS_ROOT}/Target Support Files/Pods-PoseRemind/Pods-PoseRemind-frameworks-${CONFIGURATION}-input-files.xcfilelist",
			);
			name = "[CP] Embed Pods Frameworks";
			outputFileListPaths = (
				"${PODS_ROOT}/Target Support Files/Pods-PoseRemind/Pods-PoseRemind-frameworks-${CONFIGURATION}-output-files.xcfilelist",
			);
			runOnlyForDeploymentPostprocessing = 0;
			shellPath = /bin/sh;
			shellScript = "\"${PODS_ROOT}/Target Support Files/Pods-PoseRemind/Pods-PoseRemind-frameworks.sh\"\n";
			showEnvVarsInLog = 0;
		};
		F96EAC6A7B285627FBA0CE2D /* [CP] Check Pods Manifest.lock */ = {
			isa = PBXShellScriptBuildPhase;
			buildActionMask = 2147483647;
			files = (
			);
			inputFileListPaths = (
			);
			inputPaths = (
				"${PODS_PODFILE_DIR_PATH}/Podfile.lock",
				"${PODS_ROOT}/Manifest.lock",
			);
			name = "[CP] Check Pods Manifest.lock";
			outputFileListPaths = (
			);
			outputPaths = (
				"$(DERIVED_FILE_DIR)/Pods-PoseRemind-checkManifestLockResult.txt",
			);
			runOnlyForDeploymentPostprocessing = 0;
			shellPath = /bin/sh;
			shellScript = "diff \"${PODS_PODFILE_DIR_PATH}/Podfile.lock\" \"${PODS_ROOT}/Manifest.lock\" > /dev/null\nif [ $? != 0 ] ; then\n    # print error to STDERR\n    echo \"error: The sandbox is not in sync with the Podfile.lock. Run 'pod install' or update your CocoaPods installation.\" >&2\n    exit 1\nfi\n# This output is used by Xcode 'outputs' to avoid re-running this script phase.\necho \"SUCCESS\" > \"${SCRIPT_OUTPUT_FILE_0}\"\n";
			showEnvVarsInLog = 0;
		};
/* End PBXShellScriptBuildPhase section */

/* Begin PBXSourcesBuildPhase section */
		55ABE0672918BA880084ED28 /* Sources */ = {
			isa = PBXSourcesBuildPhase;
			buildActionMask = 2147483647;
			files = (
				55ABE093291902A90084ED28 /* PoseConfig.swift in Sources */,
				55ABE0AC291A34010084ED28 /* PRPoseClassifier.swift in Sources */,
				55ABE091291902A90084ED28 /* PoseNet.swift in Sources */,
				55ABE092291902A90084ED28 /* PoseData.swift in Sources */,
				55ABE090291902A90084ED28 /* MoveNet.swift in Sources */,
				55ABE0732918BA880084ED28 /* ViewController.swift in Sources */,
				55ABE08F291902A90084ED28 /* PoseEstimator.swift in Sources */,
				55ABE095291902A90084ED28 /* CGSize+TFLite.swift in Sources */,
				55ABE096291902A90084ED28 /* CVPixelBuffer+TFLite.swift in Sources */,
				55ABE06F2918BA880084ED28 /* AppDelegate.swift in Sources */,
				55ABE099291902C90084ED28 /* OverlayView.swift in Sources */,
				55ABE094291902A90084ED28 /* Data+TFLite.swift in Sources */,
				55ABE09C29191DA10084ED28 /* CameraFeedManager.swift in Sources */,
			);
			runOnlyForDeploymentPostprocessing = 0;
		};
/* End PBXSourcesBuildPhase section */

/* Begin PBXVariantGroup section */
		55ABE0742918BA880084ED28 /* Main.storyboard */ = {
			isa = PBXVariantGroup;
			children = (
				55ABE0752918BA880084ED28 /* Base */,
			);
			name = Main.storyboard;
			sourceTree = "<group>";
		};
		55ABE0792918BA880084ED28 /* LaunchScreen.storyboard */ = {
			isa = PBXVariantGroup;
			children = (
				55ABE07A2918BA880084ED28 /* Base */,
			);
			name = LaunchScreen.storyboard;
			sourceTree = "<group>";
		};
/* End PBXVariantGroup section */

/* Begin XCBuildConfiguration section */
		55ABE07D2918BA880084ED28 /* Debug */ = {
			isa = XCBuildConfiguration;
			buildSettings = {
				ALWAYS_SEARCH_USER_PATHS = NO;
				CLANG_ANALYZER_NONNULL = YES;
				CLANG_ANALYZER_NUMBER_OBJECT_CONVERSION = YES_AGGRESSIVE;
				CLANG_CXX_LANGUAGE_STANDARD = "gnu++20";
				CLANG_ENABLE_MODULES = YES;
				CLANG_ENABLE_OBJC_ARC = YES;
				CLANG_ENABLE_OBJC_WEAK = YES;
				CLANG_WARN_BLOCK_CAPTURE_AUTORELEASING = YES;
				CLANG_WARN_BOOL_CONVERSION = YES;
				CLANG_WARN_COMMA = YES;
				CLANG_WARN_CONSTANT_CONVERSION = YES;
				CLANG_WARN_DEPRECATED_OBJC_IMPLEMENTATIONS = YES;
				CLANG_WARN_DIRECT_OBJC_ISA_USAGE = YES_ERROR;
				CLANG_WARN_DOCUMENTATION_COMMENTS = YES;
				CLANG_WARN_EMPTY_BODY = YES;
				CLANG_WARN_ENUM_CONVERSION = YES;
				CLANG_WARN_INFINITE_RECURSION = YES;
				CLANG_WARN_INT_CONVERSION = YES;
				CLANG_WARN_NON_LITERAL_NULL_CONVERSION = YES;
				CLANG_WARN_OBJC_IMPLICIT_RETAIN_SELF = YES;
				CLANG_WARN_OBJC_LITERAL_CONVERSION = YES;
				CLANG_WARN_OBJC_ROOT_CLASS = YES_ERROR;
				CLANG_WARN_QUOTED_INCLUDE_IN_FRAMEWORK_HEADER = YES;
				CLANG_WARN_RANGE_LOOP_ANALYSIS = YES;
				CLANG_WARN_STRICT_PROTOTYPES = YES;
				CLANG_WARN_SUSPICIOUS_MOVE = YES;
				CLANG_WARN_UNGUARDED_AVAILABILITY = YES_AGGRESSIVE;
				CLANG_WARN_UNREACHABLE_CODE = YES;
				CLANG_WARN__DUPLICATE_METHOD_MATCH = YES;
				COPY_PHASE_STRIP = NO;
				DEBUG_INFORMATION_FORMAT = dwarf;
				ENABLE_STRICT_OBJC_MSGSEND = YES;
				ENABLE_TESTABILITY = YES;
				GCC_C_LANGUAGE_STANDARD = gnu11;
				GCC_DYNAMIC_NO_PIC = NO;
				GCC_NO_COMMON_BLOCKS = YES;
				GCC_OPTIMIZATION_LEVEL = 0;
				GCC_PREPROCESSOR_DEFINITIONS = (
					"DEBUG=1",
					"$(inherited)",
				);
				GCC_WARN_64_TO_32_BIT_CONVERSION = YES;
				GCC_WARN_ABOUT_RETURN_TYPE = YES_ERROR;
				GCC_WARN_UNDECLARED_SELECTOR = YES;
				GCC_WARN_UNINITIALIZED_AUTOS = YES_AGGRESSIVE;
				GCC_WARN_UNUSED_FUNCTION = YES;
				GCC_WARN_UNUSED_VARIABLE = YES;
				IPHONEOS_DEPLOYMENT_TARGET = 13.0;
				MTL_ENABLE_DEBUG_INFO = INCLUDE_SOURCE;
				MTL_FAST_MATH = YES;
				ONLY_ACTIVE_ARCH = YES;
				SDKROOT = iphoneos;
				SWIFT_ACTIVE_COMPILATION_CONDITIONS = DEBUG;
				SWIFT_OPTIMIZATION_LEVEL = "-Onone";
			};
			name = Debug;
		};
		55ABE07E2918BA880084ED28 /* Release */ = {
			isa = XCBuildConfiguration;
			buildSettings = {
				ALWAYS_SEARCH_USER_PATHS = NO;
				CLANG_ANALYZER_NONNULL = YES;
				CLANG_ANALYZER_NUMBER_OBJECT_CONVERSION = YES_AGGRESSIVE;
				CLANG_CXX_LANGUAGE_STANDARD = "gnu++20";
				CLANG_ENABLE_MODULES = YES;
				CLANG_ENABLE_OBJC_ARC = YES;
				CLANG_ENABLE_OBJC_WEAK = YES;
				CLANG_WARN_BLOCK_CAPTURE_AUTORELEASING = YES;
				CLANG_WARN_BOOL_CONVERSION = YES;
				CLANG_WARN_COMMA = YES;
				CLANG_WARN_CONSTANT_CONVERSION = YES;
				CLANG_WARN_DEPRECATED_OBJC_IMPLEMENTATIONS = YES;
				CLANG_WARN_DIRECT_OBJC_ISA_USAGE = YES_ERROR;
				CLANG_WARN_DOCUMENTATION_COMMENTS = YES;
				CLANG_WARN_EMPTY_BODY = YES;
				CLANG_WARN_ENUM_CONVERSION = YES;
				CLANG_WARN_INFINITE_RECURSION = YES;
				CLANG_WARN_INT_CONVERSION = YES;
				CLANG_WARN_NON_LITERAL_NULL_CONVERSION = YES;
				CLANG_WARN_OBJC_IMPLICIT_RETAIN_SELF = YES;
				CLANG_WARN_OBJC_LITERAL_CONVERSION = YES;
				CLANG_WARN_OBJC_ROOT_CLASS = YES_ERROR;
				CLANG_WARN_QUOTED_INCLUDE_IN_FRAMEWORK_HEADER = YES;
				CLANG_WARN_RANGE_LOOP_ANALYSIS = YES;
				CLANG_WARN_STRICT_PROTOTYPES = YES;
				CLANG_WARN_SUSPICIOUS_MOVE = YES;
				CLANG_WARN_UNGUARDED_AVAILABILITY = YES_AGGRESSIVE;
				CLANG_WARN_UNREACHABLE_CODE = YES;
				CLANG_WARN__DUPLICATE_METHOD_MATCH = YES;
				COPY_PHASE_STRIP = NO;
				DEBUG_INFORMATION_FORMAT = "dwarf-with-dsym";
				ENABLE_NS_ASSERTIONS = NO;
				ENABLE_STRICT_OBJC_MSGSEND = YES;
				GCC_C_LANGUAGE_STANDARD = gnu11;
				GCC_NO_COMMON_BLOCKS = YES;
				GCC_WARN_64_TO_32_BIT_CONVERSION = YES;
				GCC_WARN_ABOUT_RETURN_TYPE = YES_ERROR;
				GCC_WARN_UNDECLARED_SELECTOR = YES;
				GCC_WARN_UNINITIALIZED_AUTOS = YES_AGGRESSIVE;
				GCC_WARN_UNUSED_FUNCTION = YES;
				GCC_WARN_UNUSED_VARIABLE = YES;
				IPHONEOS_DEPLOYMENT_TARGET = 13.0;
				MTL_ENABLE_DEBUG_INFO = NO;
				MTL_FAST_MATH = YES;
				SDKROOT = iphoneos;
				SWIFT_COMPILATION_MODE = wholemodule;
				SWIFT_OPTIMIZATION_LEVEL = "-O";
				VALIDATE_PRODUCT = YES;
			};
			name = Release;
		};
		55ABE0802918BA880084ED28 /* Debug */ = {
			isa = XCBuildConfiguration;
			baseConfigurationReference = B1690717376A9212FA5E3BD0 /* Pods-PoseRemind.debug.xcconfig */;
			buildSettings = {
				ASSETCATALOG_COMPILER_APPICON_NAME = AppIcon;
				ASSETCATALOG_COMPILER_GLOBAL_ACCENT_COLOR_NAME = AccentColor;
				CODE_SIGN_STYLE = Automatic;
				CURRENT_PROJECT_VERSION = 1;
				DEVELOPMENT_TEAM = JL4FNX8668;
				GENERATE_INFOPLIST_FILE = YES;
				INFOPLIST_FILE = PoseRemind/Info.plist;
				INFOPLIST_KEY_NSCameraUsageDescription = "摄像头使用";
				INFOPLIST_KEY_UIApplicationSupportsIndirectInputEvents = YES;
				INFOPLIST_KEY_UILaunchStoryboardName = LaunchScreen;
				INFOPLIST_KEY_UIMainStoryboardFile = Main;
				INFOPLIST_KEY_UISupportedInterfaceOrientations_iPad = "UIInterfaceOrientationPortrait UIInterfaceOrientationPortraitUpsideDown UIInterfaceOrientationLandscapeLeft UIInterfaceOrientationLandscapeRight";
				INFOPLIST_KEY_UISupportedInterfaceOrientations_iPhone = "UIInterfaceOrientationPortrait UIInterfaceOrientationLandscapeLeft UIInterfaceOrientationLandscapeRight";
				IPHONEOS_DEPLOYMENT_TARGET = 13.0;
				LD_RUNPATH_SEARCH_PATHS = (
					"$(inherited)",
					"@executable_path/Frameworks",
				);
				MARKETING_VERSION = 1.0;
				PRODUCT_BUNDLE_IDENTIFIER = com.respect.PoseRemind;
				PRODUCT_NAME = "$(TARGET_NAME)";
				SWIFT_EMIT_LOC_STRINGS = YES;
				SWIFT_VERSION = 5.0;
				TARGETED_DEVICE_FAMILY = "1,2";
			};
			name = Debug;
		};
		55ABE0812918BA880084ED28 /* Release */ = {
			isa = XCBuildConfiguration;
			baseConfigurationReference = C76B51E98EF49FDAF8056B0F /* Pods-PoseRemind.release.xcconfig */;
			buildSettings = {
				ASSETCATALOG_COMPILER_APPICON_NAME = AppIcon;
				ASSETCATALOG_COMPILER_GLOBAL_ACCENT_COLOR_NAME = AccentColor;
				CODE_SIGN_STYLE = Automatic;
				CURRENT_PROJECT_VERSION = 1;
				DEVELOPMENT_TEAM = JL4FNX8668;
				GENERATE_INFOPLIST_FILE = YES;
				INFOPLIST_FILE = PoseRemind/Info.plist;
				INFOPLIST_KEY_NSCameraUsageDescription = "摄像头使用";
				INFOPLIST_KEY_UIApplicationSupportsIndirectInputEvents = YES;
				INFOPLIST_KEY_UILaunchStoryboardName = LaunchScreen;
				INFOPLIST_KEY_UIMainStoryboardFile = Main;
				INFOPLIST_KEY_UISupportedInterfaceOrientations_iPad = "UIInterfaceOrientationPortrait UIInterfaceOrientationPortraitUpsideDown UIInterfaceOrientationLandscapeLeft UIInterfaceOrientationLandscapeRight";
				INFOPLIST_KEY_UISupportedInterfaceOrientations_iPhone = "UIInterfaceOrientationPortrait UIInterfaceOrientationLandscapeLeft UIInterfaceOrientationLandscapeRight";
				IPHONEOS_DEPLOYMENT_TARGET = 13.0;
				LD_RUNPATH_SEARCH_PATHS = (
					"$(inherited)",
					"@executable_path/Frameworks",
				);
				MARKETING_VERSION = 1.0;
				PRODUCT_BUNDLE_IDENTIFIER = com.respect.PoseRemind;
				PRODUCT_NAME = "$(TARGET_NAME)";
				SWIFT_EMIT_LOC_STRINGS = YES;
				SWIFT_VERSION = 5.0;
				TARGETED_DEVICE_FAMILY = "1,2";
			};
			name = Release;
		};
/* End XCBuildConfiguration section */

/* Begin XCConfigurationList section */
		55ABE0662918BA880084ED28 /* Build configuration list for PBXProject "PoseRemind" */ = {
			isa = XCConfigurationList;
			buildConfigurations = (
				55ABE07D2918BA880084ED28 /* Debug */,
				55ABE07E2918BA880084ED28 /* Release */,
			);
			defaultConfigurationIsVisible = 0;
			defaultConfigurationName = Release;
		};
		55ABE07F2918BA880084ED28 /* Build configuration list for PBXNativeTarget "PoseRemind" */ = {
			isa = XCConfigurationList;
			buildConfigurations = (
				55ABE0802918BA880084ED28 /* Debug */,
				55ABE0812918BA880084ED28 /* Release */,
			);
			defaultConfigurationIsVisible = 0;
			defaultConfigurationName = Release;
		};
/* End XCConfigurationList section */
	};
	rootObject = 55ABE0632918BA880084ED28 /* Project object */;
}
